// !$*UTF8*$!
{
	archiveVersion = 1;
	classes = {
	};
	objectVersion = 50;
	objects = {

/* Begin PBXBuildFile section */
		8484450222968C07000D6C4D /* AppDelegate.swift in Sources */ = {isa = PBXBuildFile; fileRef = 8484450122968C07000D6C4D /* AppDelegate.swift */; };
		8484450422968C07000D6C4D /* ViewController.swift in Sources */ = {isa = PBXBuildFile; fileRef = 8484450322968C07000D6C4D /* ViewController.swift */; };
		8484450722968C07000D6C4D /* Main.storyboard in Resources */ = {isa = PBXBuildFile; fileRef = 8484450522968C07000D6C4D /* Main.storyboard */; };
		8484450922968C08000D6C4D /* Assets.xcassets in Resources */ = {isa = PBXBuildFile; fileRef = 8484450822968C08000D6C4D /* Assets.xcassets */; };
		8484450C22968C08000D6C4D /* LaunchScreen.storyboard in Resources */ = {isa = PBXBuildFile; fileRef = 8484450A22968C08000D6C4D /* LaunchScreen.storyboard */; };
		8484451722968C08000D6C4D /* DiaporamaTests.swift in Sources */ = {isa = PBXBuildFile; fileRef = 8484451622968C08000D6C4D /* DiaporamaTests.swift */; };
		8484452222968C08000D6C4D /* DiaporamaUITests.swift in Sources */ = {isa = PBXBuildFile; fileRef = 8484452122968C08000D6C4D /* DiaporamaUITests.swift */; };
		848445302296D0F4000D6C4D /* SettingsViewController.swift in Sources */ = {isa = PBXBuildFile; fileRef = 8484452F2296D0F4000D6C4D /* SettingsViewController.swift */; };
		848445322296DC63000D6C4D /* UserData.swift in Sources */ = {isa = PBXBuildFile; fileRef = 848445312296DC63000D6C4D /* UserData.swift */; };
/* End PBXBuildFile section */

/* Begin PBXContainerItemProxy section */
		8484451322968C08000D6C4D /* PBXContainerItemProxy */ = {
			isa = PBXContainerItemProxy;
			containerPortal = 848444F622968C07000D6C4D /* Project object */;
			proxyType = 1;
			remoteGlobalIDString = 848444FD22968C07000D6C4D;
			remoteInfo = Diaporama;
		};
		8484451E22968C08000D6C4D /* PBXContainerItemProxy */ = {
			isa = PBXContainerItemProxy;
			containerPortal = 848444F622968C07000D6C4D /* Project object */;
			proxyType = 1;
			remoteGlobalIDString = 848444FD22968C07000D6C4D;
			remoteInfo = Diaporama;
		};
/* End PBXContainerItemProxy section */

/* Begin PBXFileReference section */
		848444FE22968C07000D6C4D /* Diaporama.app */ = {isa = PBXFileReference; explicitFileType = wrapper.application; includeInIndex = 0; path = Diaporama.app; sourceTree = BUILT_PRODUCTS_DIR; };
		8484450122968C07000D6C4D /* AppDelegate.swift */ = {isa = PBXFileReference; lastKnownFileType = sourcecode.swift; path = AppDelegate.swift; sourceTree = "<group>"; };
		8484450322968C07000D6C4D /* ViewController.swift */ = {isa = PBXFileReference; lastKnownFileType = sourcecode.swift; path = ViewController.swift; sourceTree = "<group>"; };
		8484450622968C07000D6C4D /* Base */ = {isa = PBXFileReference; lastKnownFileType = file.storyboard; name = Base; path = Base.lproj/Main.storyboard; sourceTree = "<group>"; };
		8484450822968C08000D6C4D /* Assets.xcassets */ = {isa = PBXFileReference; lastKnownFileType = folder.assetcatalog; path = Assets.xcassets; sourceTree = "<group>"; };
		8484450B22968C08000D6C4D /* Base */ = {isa = PBXFileReference; lastKnownFileType = file.storyboard; name = Base; path = Base.lproj/LaunchScreen.storyboard; sourceTree = "<group>"; };
		8484450D22968C08000D6C4D /* Info.plist */ = {isa = PBXFileReference; lastKnownFileType = text.plist.xml; path = Info.plist; sourceTree = "<group>"; };
		8484451222968C08000D6C4D /* DiaporamaTests.xctest */ = {isa = PBXFileReference; explicitFileType = wrapper.cfbundle; includeInIndex = 0; path = DiaporamaTests.xctest; sourceTree = BUILT_PRODUCTS_DIR; };
		8484451622968C08000D6C4D /* DiaporamaTests.swift */ = {isa = PBXFileReference; lastKnownFileType = sourcecode.swift; path = DiaporamaTests.swift; sourceTree = "<group>"; };
		8484451822968C08000D6C4D /* Info.plist */ = {isa = PBXFileReference; lastKnownFileType = text.plist.xml; path = Info.plist; sourceTree = "<group>"; };
		8484451D22968C08000D6C4D /* DiaporamaUITests.xctest */ = {isa = PBXFileReference; explicitFileType = wrapper.cfbundle; includeInIndex = 0; path = DiaporamaUITests.xctest; sourceTree = BUILT_PRODUCTS_DIR; };
		8484452122968C08000D6C4D /* DiaporamaUITests.swift */ = {isa = PBXFileReference; lastKnownFileType = sourcecode.swift; path = DiaporamaUITests.swift; sourceTree = "<group>"; };
		8484452322968C08000D6C4D /* Info.plist */ = {isa = PBXFileReference; lastKnownFileType = text.plist.xml; path = Info.plist; sourceTree = "<group>"; };
		8484452F2296D0F4000D6C4D /* SettingsViewController.swift */ = {isa = PBXFileReference; lastKnownFileType = sourcecode.swift; path = SettingsViewController.swift; sourceTree = "<group>"; };
		848445312296DC63000D6C4D /* UserData.swift */ = {isa = PBXFileReference; lastKnownFileType = sourcecode.swift; path = UserData.swift; sourceTree = "<group>"; };
/* End PBXFileReference section */

/* Begin PBXFrameworksBuildPhase section */
		848444FB22968C07000D6C4D /* Frameworks */ = {
			isa = PBXFrameworksBuildPhase;
			buildActionMask = 2147483647;
			files = (
			);
			runOnlyForDeploymentPostprocessing = 0;
		};
		8484450F22968C08000D6C4D /* Frameworks */ = {
			isa = PBXFrameworksBuildPhase;
			buildActionMask = 2147483647;
			files = (
			);
			runOnlyForDeploymentPostprocessing = 0;
		};
		8484451A22968C08000D6C4D /* Frameworks */ = {
			isa = PBXFrameworksBuildPhase;
			buildActionMask = 2147483647;
			files = (
			);
			runOnlyForDeploymentPostprocessing = 0;
		};
/* End PBXFrameworksBuildPhase section */

/* Begin PBXGroup section */
		848444F522968C07000D6C4D = {
			isa = PBXGroup;
			children = (
				8484450022968C07000D6C4D /* Diaporama */,
				8484451522968C08000D6C4D /* DiaporamaTests */,
				8484452022968C08000D6C4D /* DiaporamaUITests */,
				848444FF22968C07000D6C4D /* Products */,
			);
			sourceTree = "<group>";
		};
		848444FF22968C07000D6C4D /* Products */ = {
			isa = PBXGroup;
			children = (
				848444FE22968C07000D6C4D /* Diaporama.app */,
				8484451222968C08000D6C4D /* DiaporamaTests.xctest */,
				8484451D22968C08000D6C4D /* DiaporamaUITests.xctest */,
			);
			name = Products;
			sourceTree = "<group>";
		};
		8484450022968C07000D6C4D /* Diaporama */ = {
			isa = PBXGroup;
			children = (
				8484450122968C07000D6C4D /* AppDelegate.swift */,
				8484450322968C07000D6C4D /* ViewController.swift */,
				8484450522968C07000D6C4D /* Main.storyboard */,
				8484450822968C08000D6C4D /* Assets.xcassets */,
				8484450A22968C08000D6C4D /* LaunchScreen.storyboard */,
				8484450D22968C08000D6C4D /* Info.plist */,
				8484452F2296D0F4000D6C4D /* SettingsViewController.swift */,
				848445312296DC63000D6C4D /* UserData.swift */,
			);
			path = Diaporama;
			sourceTree = "<group>";
		};
		8484451522968C08000D6C4D /* DiaporamaTests */ = {
			isa = PBXGroup;
			children = (
				8484451622968C08000D6C4D /* DiaporamaTests.swift */,
				8484451822968C08000D6C4D /* Info.plist */,
			);
			path = DiaporamaTests;
			sourceTree = "<group>";
		};
		8484452022968C08000D6C4D /* DiaporamaUITests */ = {
			isa = PBXGroup;
			children = (
				8484452122968C08000D6C4D /* DiaporamaUITests.swift */,
				8484452322968C08000D6C4D /* Info.plist */,
			);
			path = DiaporamaUITests;
			sourceTree = "<group>";
		};
/* End PBXGroup section */

/* Begin PBXNativeTarget section */
		848444FD22968C07000D6C4D /* Diaporama */ = {
			isa = PBXNativeTarget;
			buildConfigurationList = 8484452622968C08000D6C4D /* Build configuration list for PBXNativeTarget "Diaporama" */;
			buildPhases = (
				848444FA22968C07000D6C4D /* Sources */,
				848444FB22968C07000D6C4D /* Frameworks */,
				848444FC22968C07000D6C4D /* Resources */,
			);
			buildRules = (
			);
			dependencies = (
			);
			name = Diaporama;
			productName = Diaporama;
			productReference = 848444FE22968C07000D6C4D /* Diaporama.app */;
			productType = "com.apple.product-type.application";
		};
		8484451122968C08000D6C4D /* DiaporamaTests */ = {
			isa = PBXNativeTarget;
			buildConfigurationList = 8484452922968C08000D6C4D /* Build configuration list for PBXNativeTarget "DiaporamaTests" */;
			buildPhases = (
				8484450E22968C08000D6C4D /* Sources */,
				8484450F22968C08000D6C4D /* Frameworks */,
				8484451022968C08000D6C4D /* Resources */,
			);
			buildRules = (
			);
			dependencies = (
				8484451422968C08000D6C4D /* PBXTargetDependency */,
			);
			name = DiaporamaTests;
			productName = DiaporamaTests;
			productReference = 8484451222968C08000D6C4D /* DiaporamaTests.xctest */;
			productType = "com.apple.product-type.bundle.unit-test";
		};
		8484451C22968C08000D6C4D /* DiaporamaUITests */ = {
			isa = PBXNativeTarget;
			buildConfigurationList = 8484452C22968C08000D6C4D /* Build configuration list for PBXNativeTarget "DiaporamaUITests" */;
			buildPhases = (
				8484451922968C08000D6C4D /* Sources */,
				8484451A22968C08000D6C4D /* Frameworks */,
				8484451B22968C08000D6C4D /* Resources */,
			);
			buildRules = (
			);
			dependencies = (
				8484451F22968C08000D6C4D /* PBXTargetDependency */,
			);
			name = DiaporamaUITests;
			productName = DiaporamaUITests;
			productReference = 8484451D22968C08000D6C4D /* DiaporamaUITests.xctest */;
			productType = "com.apple.product-type.bundle.ui-testing";
		};
/* End PBXNativeTarget section */

/* Begin PBXProject section */
		848444F622968C07000D6C4D /* Project object */ = {
			isa = PBXProject;
			attributes = {
				LastSwiftUpdateCheck = 1020;
				LastUpgradeCheck = 1020;
				ORGANIZATIONNAME = Admin;
				TargetAttributes = {
					848444FD22968C07000D6C4D = {
						CreatedOnToolsVersion = 10.2;
					};
					8484451122968C08000D6C4D = {
						CreatedOnToolsVersion = 10.2;
						TestTargetID = 848444FD22968C07000D6C4D;
					};
					8484451C22968C08000D6C4D = {
						CreatedOnToolsVersion = 10.2;
						TestTargetID = 848444FD22968C07000D6C4D;
					};
				};
			};
			buildConfigurationList = 848444F922968C07000D6C4D /* Build configuration list for PBXProject "Diaporama" */;
			compatibilityVersion = "Xcode 9.3";
			developmentRegion = en;
			hasScannedForEncodings = 0;
			knownRegions = (
				en,
				Base,
			);
			mainGroup = 848444F522968C07000D6C4D;
			productRefGroup = 848444FF22968C07000D6C4D /* Products */;
			projectDirPath = "";
			projectRoot = "";
			targets = (
				848444FD22968C07000D6C4D /* Diaporama */,
				8484451122968C08000D6C4D /* DiaporamaTests */,
				8484451C22968C08000D6C4D /* DiaporamaUITests */,
			);
		};
/* End PBXProject section */

/* Begin PBXResourcesBuildPhase section */
		848444FC22968C07000D6C4D /* Resources */ = {
			isa = PBXResourcesBuildPhase;
			buildActionMask = 2147483647;
			files = (
				8484450C22968C08000D6C4D /* LaunchScreen.storyboard in Resources */,
				8484450922968C08000D6C4D /* Assets.xcassets in Resources */,
				8484450722968C07000D6C4D /* Main.storyboard in Resources */,
			);
			runOnlyForDeploymentPostprocessing = 0;
		};
		8484451022968C08000D6C4D /* Resources */ = {
			isa = PBXResourcesBuildPhase;
			buildActionMask = 2147483647;
			files = (
			);
			runOnlyForDeploymentPostprocessing = 0;
		};
		8484451B22968C08000D6C4D /* Resources */ = {
			isa = PBXResourcesBuildPhase;
			buildActionMask = 2147483647;
			files = (
			);
			runOnlyForDeploymentPostprocessing = 0;
		};
/* End PBXResourcesBuildPhase section */

/* Begin PBXSourcesBuildPhase section */
		848444FA22968C07000D6C4D /* Sources */ = {
			isa = PBXSourcesBuildPhase;
			buildActionMask = 2147483647;
			files = (
				8484450422968C07000D6C4D /* ViewController.swift in Sources */,
				8484450222968C07000D6C4D /* AppDelegate.swift in Sources */,
				848445322296DC63000D6C4D /* UserData.swift in Sources */,
				848445302296D0F4000D6C4D /* SettingsViewController.swift in Sources */,
			);
			runOnlyForDeploymentPostprocessing = 0;
		};
		8484450E22968C08000D6C4D /* Sources */ = {
			isa = PBXSourcesBuildPhase;
			buildActionMask = 2147483647;
			files = (
				8484451722968C08000D6C4D /* DiaporamaTests.swift in Sources */,
			);
			runOnlyForDeploymentPostprocessing = 0;
		};
		8484451922968C08000D6C4D /* Sources */ = {
			isa = PBXSourcesBuildPhase;
			buildActionMask = 2147483647;
			files = (
				8484452222968C08000D6C4D /* DiaporamaUITests.swift in Sources */,
			);
			runOnlyForDeploymentPostprocessing = 0;
		};
/* End PBXSourcesBuildPhase section */

/* Begin PBXTargetDependency section */
		8484451422968C08000D6C4D /* PBXTargetDependency */ = {
			isa = PBXTargetDependency;
			target = 848444FD22968C07000D6C4D /* Diaporama */;
			targetProxy = 8484451322968C08000D6C4D /* PBXContainerItemProxy */;
		};
		8484451F22968C08000D6C4D /* PBXTargetDependency */ = {
			isa = PBXTargetDependency;
			target = 848444FD22968C07000D6C4D /* Diaporama */;
			targetProxy = 8484451E22968C08000D6C4D /* PBXContainerItemProxy */;
		};
/* End PBXTargetDependency section */

/* Begin PBXVariantGroup section */
		8484450522968C07000D6C4D /* Main.storyboard */ = {
			isa = PBXVariantGroup;
			children = (
				8484450622968C07000D6C4D /* Base */,
			);
			name = Main.storyboard;
			sourceTree = "<group>";
		};
		8484450A22968C08000D6C4D /* LaunchScreen.storyboard */ = {
			isa = PBXVariantGroup;
			children = (
				8484450B22968C08000D6C4D /* Base */,
			);
			name = LaunchScreen.storyboard;
			sourceTree = "<group>";
		};
/* End PBXVariantGroup section */

/* Begin XCBuildConfiguration section */
		8484452422968C08000D6C4D /* Debug */ = {
			isa = XCBuildConfiguration;
			buildSettings = {
				ALWAYS_SEARCH_USER_PATHS = NO;
				CLANG_ANALYZER_NONNULL = YES;
				CLANG_ANALYZER_NUMBER_OBJECT_CONVERSION = YES_AGGRESSIVE;
				CLANG_CXX_LANGUAGE_STANDARD = "gnu++14";
				CLANG_CXX_LIBRARY = "libc++";
				CLANG_ENABLE_MODULES = YES;
				CLANG_ENABLE_OBJC_ARC = YES;
				CLANG_ENABLE_OBJC_WEAK = YES;
				CLANG_WARN_BLOCK_CAPTURE_AUTORELEASING = YES;
				CLANG_WARN_BOOL_CONVERSION = YES;
				CLANG_WARN_COMMA = YES;
				CLANG_WARN_CONSTANT_CONVERSION = YES;
				CLANG_WARN_DEPRECATED_OBJC_IMPLEMENTATIONS = YES;
				CLANG_WARN_DIRECT_OBJC_ISA_USAGE = YES_ERROR;
				CLANG_WARN_DOCUMENTATION_COMMENTS = YES;
				CLANG_WARN_EMPTY_BODY = YES;
				CLANG_WARN_ENUM_CONVERSION = YES;
				CLANG_WARN_INFINITE_RECURSION = YES;
				CLANG_WARN_INT_CONVERSION = YES;
				CLANG_WARN_NON_LITERAL_NULL_CONVERSION = YES;
				CLANG_WARN_OBJC_IMPLICIT_RETAIN_SELF = YES;
				CLANG_WARN_OBJC_LITERAL_CONVERSION = YES;
				CLANG_WARN_OBJC_ROOT_CLASS = YES_ERROR;
				CLANG_WARN_RANGE_LOOP_ANALYSIS = YES;
				CLANG_WARN_STRICT_PROTOTYPES = YES;
				CLANG_WARN_SUSPICIOUS_MOVE = YES;
				CLANG_WARN_UNGUARDED_AVAILABILITY = YES_AGGRESSIVE;
				CLANG_WARN_UNREACHABLE_CODE = YES;
				CLANG_WARN__DUPLICATE_METHOD_MATCH = YES;
				CODE_SIGN_IDENTITY = "iPhone Developer";
				COPY_PHASE_STRIP = NO;
				DEBUG_INFORMATION_FORMAT = dwarf;
				ENABLE_STRICT_OBJC_MSGSEND = YES;
				ENABLE_TESTABILITY = YES;
				GCC_C_LANGUAGE_STANDARD = gnu11;
				GCC_DYNAMIC_NO_PIC = NO;
				GCC_NO_COMMON_BLOCKS = YES;
				GCC_OPTIMIZATION_LEVEL = 0;
				GCC_PREPROCESSOR_DEFINITIONS = (
					"DEBUG=1",
					"$(inherited)",
				);
				GCC_WARN_64_TO_32_BIT_CONVERSION = YES;
				GCC_WARN_ABOUT_RETURN_TYPE = YES_ERROR;
				GCC_WARN_UNDECLARED_SELECTOR = YES;
				GCC_WARN_UNINITIALIZED_AUTOS = YES_AGGRESSIVE;
				GCC_WARN_UNUSED_FUNCTION = YES;
				GCC_WARN_UNUSED_VARIABLE = YES;
				IPHONEOS_DEPLOYMENT_TARGET = 12.2;
				MTL_ENABLE_DEBUG_INFO = INCLUDE_SOURCE;
				MTL_FAST_MATH = YES;
				ONLY_ACTIVE_ARCH = YES;
				SDKROOT = iphoneos;
				SWIFT_ACTIVE_COMPILATION_CONDITIONS = DEBUG;
				SWIFT_OPTIMIZATION_LEVEL = "-Onone";
			};
			name = Debug;
		};
		8484452522968C08000D6C4D /* Release */ = {
			isa = XCBuildConfiguration;
			buildSettings = {
				ALWAYS_SEARCH_USER_PATHS = NO;
				CLANG_ANALYZER_NONNULL = YES;
				CLANG_ANALYZER_NUMBER_OBJECT_CONVERSION = YES_AGGRESSIVE;
				CLANG_CXX_LANGUAGE_STANDARD = "gnu++14";
				CLANG_CXX_LIBRARY = "libc++";
				CLANG_ENABLE_MODULES = YES;
				CLANG_ENABLE_OBJC_ARC = YES;
				CLANG_ENABLE_OBJC_WEAK = YES;
				CLANG_WARN_BLOCK_CAPTURE_AUTORELEASING = YES;
				CLANG_WARN_BOOL_CONVERSION = YES;
				CLANG_WARN_COMMA = YES;
				CLANG_WARN_CONSTANT_CONVERSION = YES;
				CLANG_WARN_DEPRECATED_OBJC_IMPLEMENTATIONS = YES;
				CLANG_WARN_DIRECT_OBJC_ISA_USAGE = YES_ERROR;
				CLANG_WARN_DOCUMENTATION_COMMENTS = YES;
				CLANG_WARN_EMPTY_BODY = YES;
				CLANG_WARN_ENUM_CONVERSION = YES;
				CLANG_WARN_INFINITE_RECURSION = YES;
				CLANG_WARN_INT_CONVERSION = YES;
				CLANG_WARN_NON_LITERAL_NULL_CONVERSION = YES;
				CLANG_WARN_OBJC_IMPLICIT_RETAIN_SELF = YES;
				CLANG_WARN_OBJC_LITERAL_CONVERSION = YES;
				CLANG_WARN_OBJC_ROOT_CLASS = YES_ERROR;
				CLANG_WARN_RANGE_LOOP_ANALYSIS = YES;
				CLANG_WARN_STRICT_PROTOTYPES = YES;
				CLANG_WARN_SUSPICIOUS_MOVE = YES;
				CLANG_WARN_UNGUARDED_AVAILABILITY = YES_AGGRESSIVE;
				CLANG_WARN_UNREACHABLE_CODE = YES;
				CLANG_WARN__DUPLICATE_METHOD_MATCH = YES;
				CODE_SIGN_IDENTITY = "iPhone Developer";
				COPY_PHASE_STRIP = NO;
				DEBUG_INFORMATION_FORMAT = "dwarf-with-dsym";
				ENABLE_NS_ASSERTIONS = NO;
				ENABLE_STRICT_OBJC_MSGSEND = YES;
				GCC_C_LANGUAGE_STANDARD = gnu11;
				GCC_NO_COMMON_BLOCKS = YES;
				GCC_WARN_64_TO_32_BIT_CONVERSION = YES;
				GCC_WARN_ABOUT_RETURN_TYPE = YES_ERROR;
				GCC_WARN_UNDECLARED_SELECTOR = YES;
				GCC_WARN_UNINITIALIZED_AUTOS = YES_AGGRESSIVE;
				GCC_WARN_UNUSED_FUNCTION = YES;
				GCC_WARN_UNUSED_VARIABLE = YES;
				IPHONEOS_DEPLOYMENT_TARGET = 12.2;
				MTL_ENABLE_DEBUG_INFO = NO;
				MTL_FAST_MATH = YES;
				SDKROOT = iphoneos;
				SWIFT_COMPILATION_MODE = wholemodule;
				SWIFT_OPTIMIZATION_LEVEL = "-O";
				VALIDATE_PRODUCT = YES;
			};
			name = Release;
		};
		8484452722968C08000D6C4D /* Debug */ = {
			isa = XCBuildConfiguration;
			buildSettings = {
				ASSETCATALOG_COMPILER_APPICON_NAME = AppIcon;
				CODE_SIGN_STYLE = Automatic;
				INFOPLIST_FILE = Diaporama/Info.plist;
				LD_RUNPATH_SEARCH_PATHS = (
					"$(inherited)",
					"@executable_path/Frameworks",
				);
				PRODUCT_BUNDLE_IDENTIFIER = fr.ingridbazin.ios.Diaporama;
				PRODUCT_NAME = "$(TARGET_NAME)";
				SWIFT_VERSION = 5.0;
				TARGETED_DEVICE_FAMILY = "1,2";
			};
			name = Debug;
		};
		8484452822968C08000D6C4D /* Release */ = {
			isa = XCBuildConfiguration;
			buildSettings = {
				ASSETCATALOG_COMPILER_APPICON_NAME = AppIcon;
				CODE_SIGN_STYLE = Automatic;
				INFOPLIST_FILE = Diaporama/Info.plist;
				LD_RUNPATH_SEARCH_PATHS = (
					"$(inherited)",
					"@executable_path/Frameworks",
				);
				PRODUCT_BUNDLE_IDENTIFIER = fr.ingridbazin.ios.Diaporama;
				PRODUCT_NAME = "$(TARGET_NAME)";
				SWIFT_VERSION = 5.0;
				TARGETED_DEVICE_FAMILY = "1,2";
			};
			name = Release;
		};
		8484452A22968C08000D6C4D /* Debug */ = {
			isa = XCBuildConfiguration;
			buildSettings = {
				ALWAYS_EMBED_SWIFT_STANDARD_LIBRARIES = YES;
				BUNDLE_LOADER = "$(TEST_HOST)";
				CODE_SIGN_STYLE = Automatic;
				INFOPLIST_FILE = DiaporamaTests/Info.plist;
				LD_RUNPATH_SEARCH_PATHS = (
					"$(inherited)",
					"@executable_path/Frameworks",
					"@loader_path/Frameworks",
				);
				PRODUCT_BUNDLE_IDENTIFIER = fr.ingridbazin.ios.DiaporamaTests;
				PRODUCT_NAME = "$(TARGET_NAME)";
				SWIFT_VERSION = 5.0;
				TARGETED_DEVICE_FAMILY = "1,2";
				TEST_HOST = "$(BUILT_PRODUCTS_DIR)/Diaporama.app/Diaporama";
			};
			name = Debug;
		};
		8484452B22968C08000D6C4D /* Release */ = {
			isa = XCBuildConfiguration;
			buildSettings = {
				ALWAYS_EMBED_SWIFT_STANDARD_LIBRARIES = YES;
				BUNDLE_LOADER = "$(TEST_HOST)";
				CODE_SIGN_STYLE = Automatic;
				INFOPLIST_FILE = DiaporamaTests/Info.plist;
				LD_RUNPATH_SEARCH_PATHS = (
					"$(inherited)",
					"@executable_path/Frameworks",
					"@loader_path/Frameworks",
				);
				PRODUCT_BUNDLE_IDENTIFIER = fr.ingridbazin.ios.DiaporamaTests;
				PRODUCT_NAME = "$(TARGET_NAME)";
				SWIFT_VERSION = 5.0;
				TARGETED_DEVICE_FAMILY = "1,2";
				TEST_HOST = "$(BUILT_PRODUCTS_DIR)/Diaporama.app/Diaporama";
			};
			name = Release;
		};
		8484452D22968C08000D6C4D /* Debug */ = {
			isa = XCBuildConfiguration;
			buildSettings = {
				ALWAYS_EMBED_SWIFT_STANDARD_LIBRARIES = YES;
				CODE_SIGN_STYLE = Automatic;
				INFOPLIST_FILE = DiaporamaUITests/Info.plist;
				LD_RUNPATH_SEARCH_PATHS = (
					"$(inherited)",
					"@executable_path/Frameworks",
					"@loader_path/Frameworks",
				);
				PRODUCT_BUNDLE_IDENTIFIER = fr.ingridbazin.ios.DiaporamaUITests;
				PRODUCT_NAME = "$(TARGET_NAME)";
				SWIFT_VERSION = 5.0;
				TARGETED_DEVICE_FAMILY = "1,2";
				TEST_TARGET_NAME = Diaporama;
			};
			name = Debug;
		};
		8484452E22968C08000D6C4D /* Release */ = {
			isa = XCBuildConfiguration;
			buildSettings = {
				ALWAYS_EMBED_SWIFT_STANDARD_LIBRARIES = YES;
				CODE_SIGN_STYLE = Automatic;
				INFOPLIST_FILE = DiaporamaUITests/Info.plist;
				LD_RUNPATH_SEARCH_PATHS = (
					"$(inherited)",
					"@executable_path/Frameworks",
					"@loader_path/Frameworks",
				);
				PRODUCT_BUNDLE_IDENTIFIER = fr.ingridbazin.ios.DiaporamaUITests;
				PRODUCT_NAME = "$(TARGET_NAME)";
				SWIFT_VERSION = 5.0;
				TARGETED_DEVICE_FAMILY = "1,2";
				TEST_TARGET_NAME = Diaporama;
			};
			name = Release;
		};
/* End XCBuildConfiguration section */

/* Begin XCConfigurationList section */
		848444F922968C07000D6C4D /* Build configuration list for PBXProject "Diaporama" */ = {
			isa = XCConfigurationList;
			buildConfigurations = (
				8484452422968C08000D6C4D /* Debug */,
				8484452522968C08000D6C4D /* Release */,
			);
			defaultConfigurationIsVisible = 0;
			defaultConfigurationName = Release;
		};
		8484452622968C08000D6C4D /* Build configuration list for PBXNativeTarget "Diaporama" */ = {
			isa = XCConfigurationList;
			buildConfigurations = (
				8484452722968C08000D6C4D /* Debug */,
				8484452822968C08000D6C4D /* Release */,
			);
			defaultConfigurationIsVisible = 0;
			defaultConfigurationName = Release;
		};
		8484452922968C08000D6C4D /* Build configuration list for PBXNativeTarget "DiaporamaTests" */ = {
			isa = XCConfigurationList;
			buildConfigurations = (
				8484452A22968C08000D6C4D /* Debug */,
				8484452B22968C08000D6C4D /* Release */,
			);
			defaultConfigurationIsVisible = 0;
			defaultConfigurationName = Release;
		};
		8484452C22968C08000D6C4D /* Build configuration list for PBXNativeTarget "DiaporamaUITests" */ = {
			isa = XCConfigurationList;
			buildConfigurations = (
				8484452D22968C08000D6C4D /* Debug */,
				8484452E22968C08000D6C4D /* Release */,
			);
			defaultConfigurationIsVisible = 0;
			defaultConfigurationName = Release;
		};
/* End XCConfigurationList section */
	};
	rootObject = 848444F622968C07000D6C4D /* Project object */;
}
